{
  "name": "guitarrack",
  "lockfileVersion": 3,
  "requires": true,
  "packages": {
    "": {
      "dependencies": {
        "materialize-css": "^1.0.0-rc.2",
        "urlparse": "^0.0.1"
      }
    },
    "node_modules/materialize-css": {
      "version": "1.0.0-rc.2",
      "resolved": "https://registry.npmjs.org/materialize-css/-/materialize-css-1.0.0-rc.2.tgz",
      "integrity": "sha512-FuQmSyq4Qv0ov7A2qXw0E6/jbQzSWx2P1pg2/XQDYTkkSc/GyiFAxu3fw9zgShwuTvyumEiw5jkxQWT9siqMBQ=="
    },
    "node_modules/urlparse": {
      "version": "0.0.1",
      "resolved": "https://registry.npmjs.org/urlparse/-/urlparse-0.0.1.tgz",
      "integrity": "sha512-jPwM5DiFgsoHY97Txn/cKnOgogOCs9/FxPmfF5ZpP9aaIyRSMuqkSo52YgoYeBPYfsTW7bEn1hghpW5itCzeZA==",
      "engines": {
        "node": ">=0.4.7"
      }
    }
  }
}
